
Microsoft Visual Studio Solution File, Format Version 12.00
# Visual Studio Version 16
VisualStudioVersion = 16.0.30907.101
MinimumVisualStudioVersion = 10.0.40219.1
Project("{FAE04EC0-301F-11D3-BF4B-00C04F79EFBC}") = "NewPokemonAPI", "NewPokemonAPI\NewPokemonAPI.csproj", "{5E59C0D2-C7F8-49A6-8BE8-9A8A8BA25996}"
EndProject
Global
	GlobalSection(SolutionConfigurationPlatforms) = preSolution
		Debug|Any CPU = Debug|Any CPU
		Release|Any CPU = Release|Any CPU
	EndGlobalSection
	GlobalSection(ProjectConfigurationPlatforms) = postSolution
		{5E59C0D2-C7F8-49A6-8BE8-9A8A8BA25996}.Debug|Any CPU.ActiveCfg = Debug|Any CPU
		{5E59C0D2-C7F8-49A6-8BE8-9A8A8BA25996}.Debug|Any CPU.Build.0 = Debug|Any CPU
		{5E59C0D2-C7F8-49A6-8BE8-9A8A8BA25996}.Release|Any CPU.ActiveCfg = Release|Any CPU
		{5E59C0D2-C7F8-49A6-8BE8-9A8A8BA25996}.Release|Any CPU.Build.0 = Release|Any CPU
	EndGlobalSection
	GlobalSection(SolutionProperties) = preSolution
		HideSolutionNode = FALSE
	EndGlobalSection
	GlobalSection(ExtensibilityGlobals) = postSolution
		SolutionGuid = {EBBCF882-AFF8-437B-A5BB-650AE5C24D80}
	EndGlobalSection
EndGlobal
