
Microsoft Visual Studio Solution File, Format Version 12.00
# Visual Studio Version 16
VisualStudioVersion = 16.0.30907.101
MinimumVisualStudioVersion = 10.0.40219.1
Project("{FAE04EC0-301F-11D3-BF4B-00C04F79EFBC}") = "Wpf1", "Wpf1.csproj", "{70BE0E0E-9A5A-4D58-BF1E-80C22818864B}"
EndProject
Global
	GlobalSection(SolutionConfigurationPlatforms) = preSolution
		Debug|Any CPU = Debug|Any CPU
		Release|Any CPU = Release|Any CPU
	EndGlobalSection
	GlobalSection(ProjectConfigurationPlatforms) = postSolution
		{70BE0E0E-9A5A-4D58-BF1E-80C22818864B}.Debug|Any CPU.ActiveCfg = Debug|Any CPU
		{70BE0E0E-9A5A-4D58-BF1E-80C22818864B}.Debug|Any CPU.Build.0 = Debug|Any CPU
		{70BE0E0E-9A5A-4D58-BF1E-80C22818864B}.Release|Any CPU.ActiveCfg = Release|Any CPU
		{70BE0E0E-9A5A-4D58-BF1E-80C22818864B}.Release|Any CPU.Build.0 = Release|Any CPU
	EndGlobalSection
	GlobalSection(SolutionProperties) = preSolution
		HideSolutionNode = FALSE
	EndGlobalSection
	GlobalSection(ExtensibilityGlobals) = postSolution
		SolutionGuid = {2A132A64-FCDC-4717-BC57-F697202598FD}
	EndGlobalSection
EndGlobal
