
Microsoft Visual Studio Solution File, Format Version 12.00
# Visual Studio Version 16
VisualStudioVersion = 16.0.30907.101
MinimumVisualStudioVersion = 10.0.40219.1
Project("{FAE04EC0-301F-11D3-BF4B-00C04F79EFBC}") = "wpf3", "wpf3.csproj", "{82D1BADD-88F3-4871-8792-E31FA7E54D99}"
EndProject
Global
	GlobalSection(SolutionConfigurationPlatforms) = preSolution
		Debug|Any CPU = Debug|Any CPU
		Release|Any CPU = Release|Any CPU
	EndGlobalSection
	GlobalSection(ProjectConfigurationPlatforms) = postSolution
		{82D1BADD-88F3-4871-8792-E31FA7E54D99}.Debug|Any CPU.ActiveCfg = Debug|Any CPU
		{82D1BADD-88F3-4871-8792-E31FA7E54D99}.Debug|Any CPU.Build.0 = Debug|Any CPU
		{82D1BADD-88F3-4871-8792-E31FA7E54D99}.Release|Any CPU.ActiveCfg = Release|Any CPU
		{82D1BADD-88F3-4871-8792-E31FA7E54D99}.Release|Any CPU.Build.0 = Release|Any CPU
	EndGlobalSection
	GlobalSection(SolutionProperties) = preSolution
		HideSolutionNode = FALSE
	EndGlobalSection
	GlobalSection(ExtensibilityGlobals) = postSolution
		SolutionGuid = {BED29E9C-271A-47A1-AB19-2DB387C2502C}
	EndGlobalSection
EndGlobal
